
Microsoft Visual Studio Solution File, Format Version 12.00
# Visual Studio 15
VisualStudioVersion = 15.0.28307.1684
MinimumVisualStudioVersion = 10.0.40219.1
Project("{FAE04EC0-301F-11D3-BF4B-00C04F79EFBC}") = "catching", "catching\catching.csproj", "{FD3A2ABA-4307-4DA4-9258-CAAF56417D3C}"
EndProject
Global
	GlobalSection(SolutionConfigurationPlatforms) = preSolution
		Debug|Any CPU = Debug|Any CPU
		Release|Any CPU = Release|Any CPU
	EndGlobalSection
	GlobalSection(ProjectConfigurationPlatforms) = postSolution
		{FD3A2ABA-4307-4DA4-9258-CAAF56417D3C}.Debug|Any CPU.ActiveCfg = Debug|Any CPU
		{FD3A2ABA-4307-4DA4-9258-CAAF56417D3C}.Debug|Any CPU.Build.0 = Debug|Any CPU
		{FD3A2ABA-4307-4DA4-9258-CAAF56417D3C}.Release|Any CPU.ActiveCfg = Release|Any CPU
		{FD3A2ABA-4307-4DA4-9258-CAAF56417D3C}.Release|Any CPU.Build.0 = Release|Any CPU
	EndGlobalSection
	GlobalSection(SolutionProperties) = preSolution
		HideSolutionNode = FALSE
	EndGlobalSection
	GlobalSection(ExtensibilityGlobals) = postSolution
		SolutionGuid = {25025E8B-0D0B-452E-99F8-B044F3A0A5B3}
	EndGlobalSection
EndGlobal
